
Microsoft Visual Studio Solution File, Format Version 12.00
# Visual Studio Version 17
VisualStudioVersion = 17.1.32407.343
MinimumVisualStudioVersion = 10.0.40219.1
Project("{FAE04EC0-301F-11D3-BF4B-00C04F79EFBC}") = "FactoryMethod", "FactoryMethod\FactoryMethod.csproj", "{BED895F8-28F8-4B72-82D4-E2EFCA9A0F2A}"
EndProject
Project("{FAE04EC0-301F-11D3-BF4B-00C04F79EFBC}") = "Builder", "Builder\Builder.csproj", "{68131475-EE72-4F01-BFF4-E60FD9FA903F}"
EndProject
Global
	GlobalSection(SolutionConfigurationPlatforms) = preSolution
		Debug|Any CPU = Debug|Any CPU
		Release|Any CPU = Release|Any CPU
	EndGlobalSection
	GlobalSection(ProjectConfigurationPlatforms) = postSolution
		{BED895F8-28F8-4B72-82D4-E2EFCA9A0F2A}.Debug|Any CPU.ActiveCfg = Debug|Any CPU
		{BED895F8-28F8-4B72-82D4-E2EFCA9A0F2A}.Debug|Any CPU.Build.0 = Debug|Any CPU
		{BED895F8-28F8-4B72-82D4-E2EFCA9A0F2A}.Release|Any CPU.ActiveCfg = Release|Any CPU
		{BED895F8-28F8-4B72-82D4-E2EFCA9A0F2A}.Release|Any CPU.Build.0 = Release|Any CPU
		{68131475-EE72-4F01-BFF4-E60FD9FA903F}.Debug|Any CPU.ActiveCfg = Debug|Any CPU
		{68131475-EE72-4F01-BFF4-E60FD9FA903F}.Debug|Any CPU.Build.0 = Debug|Any CPU
		{68131475-EE72-4F01-BFF4-E60FD9FA903F}.Release|Any CPU.ActiveCfg = Release|Any CPU
		{68131475-EE72-4F01-BFF4-E60FD9FA903F}.Release|Any CPU.Build.0 = Release|Any CPU
	EndGlobalSection
	GlobalSection(SolutionProperties) = preSolution
		HideSolutionNode = FALSE
	EndGlobalSection
	GlobalSection(ExtensibilityGlobals) = postSolution
		SolutionGuid = {CA269A6F-F689-4AB5-BE91-6EBAFE81A1B5}
	EndGlobalSection
EndGlobal
